
Microsoft Visual Studio Solution File, Format Version 12.00
# Visual Studio 2012
Project("{FAE04EC0-301F-11D3-BF4B-00C04F79EFBC}") = "CalcService", "CalcService\CalcService.csproj", "{15B3E0D2-6217-493A-A690-158C497F5318}"
EndProject
Project("{FAE04EC0-301F-11D3-BF4B-00C04F79EFBC}") = "IISHost", "IISHost\IISHost.csproj", "{3BDA1E47-7E4E-4287-B305-CC61820D29CD}"
EndProject
Project("{FAE04EC0-301F-11D3-BF4B-00C04F79EFBC}") = "ConsoleClient", "ConsoleClient\ConsoleClient.csproj", "{ADD8C201-AB8C-4218-8C08-6E767C95178F}"
EndProject
Project("{FAE04EC0-301F-11D3-BF4B-00C04F79EFBC}") = "ConsoleHost", "ConsoleHost\ConsoleHost.csproj", "{AD2DCECA-1FDC-4463-93E9-75B931B690B5}"
EndProject
Project("{2150E333-8FDC-42A3-9474-1A3956D46DE8}") = "Inline", "Inline", "{7636498D-069A-437D-9427-AB5E3D0E8FA1}"
	ProjectSection(SolutionItems) = preProject
		Inline\ReadMe.txt = Inline\ReadMe.txt
	EndProjectSection
EndProject
Project("{2150E333-8FDC-42A3-9474-1A3956D46DE8}") = "Tcp", "Tcp", "{8B0BF0F5-A1DA-4AEC-9252-9075D2698E9E}"
	ProjectSection(SolutionItems) = preProject
		Tcp\ReadMe.txt = Tcp\ReadMe.txt
	EndProjectSection
EndProject
Project("{FAE04EC0-301F-11D3-BF4B-00C04F79EFBC}") = "Service", "Inline\Service\Service.csproj", "{935340DC-AA87-4E05-BA82-6BE69D6FA973}"
EndProject
Project("{FAE04EC0-301F-11D3-BF4B-00C04F79EFBC}") = "Client", "Inline\Client\Client.csproj", "{45B3FDC7-9DD6-4C04-8390-64C118CFB261}"
EndProject
Project("{FAE04EC0-301F-11D3-BF4B-00C04F79EFBC}") = "Service", "Tcp\Service\Service.csproj", "{1D248537-7D33-4671-8FD0-CD485DED4D27}"
EndProject
Project("{FAE04EC0-301F-11D3-BF4B-00C04F79EFBC}") = "Client", "Tcp\Client\Client.csproj", "{5B1609BB-D9FD-4FF2-A88D-73655B7872F2}"
EndProject
Project("{2150E333-8FDC-42A3-9474-1A3956D46DE8}") = "SelfHost", "SelfHost", "{FDB47455-84A3-47AD-AB33-0592305661E1}"
	ProjectSection(SolutionItems) = preProject
		SelfHost\ReadMe.txt = SelfHost\ReadMe.txt
	EndProjectSection
EndProject
Project("{FAE04EC0-301F-11D3-BF4B-00C04F79EFBC}") = "Service", "SelfHost\Service\Service.csproj", "{D464E13F-EE11-4DA1-ABC1-646C33F5D359}"
EndProject
Project("{FAE04EC0-301F-11D3-BF4B-00C04F79EFBC}") = "Client", "SelfHost\Client\Client.csproj", "{F3678F6B-1B3B-44CD-AE39-DF753F29EAF8}"
EndProject
Project("{2150E333-8FDC-42A3-9474-1A3956D46DE8}") = "Channel", "Channel", "{A00CF073-3900-415D-9D81-5D201BCEB037}"
	ProjectSection(SolutionItems) = preProject
		Channel\ReadMe.txt = Channel\ReadMe.txt
	EndProjectSection
EndProject
Project("{FAE04EC0-301F-11D3-BF4B-00C04F79EFBC}") = "Service", "Channel\Service\Service.csproj", "{6498D860-9BD6-4741-8850-C0D075C22DB4}"
EndProject
Project("{FAE04EC0-301F-11D3-BF4B-00C04F79EFBC}") = "Client", "Channel\Client\Client.csproj", "{DDF2164F-9965-4005-94EF-E3472CE88197}"
EndProject
Project("{FAE04EC0-301F-11D3-BF4B-00C04F79EFBC}") = "Entity", "Channel\Entity\Entity.csproj", "{BF62B264-2BE9-4895-B4B0-945DA95243D0}"
EndProject
Global
	GlobalSection(SolutionConfigurationPlatforms) = preSolution
		Debug|Any CPU = Debug|Any CPU
		Release|Any CPU = Release|Any CPU
	EndGlobalSection
	GlobalSection(ProjectConfigurationPlatforms) = postSolution
		{15B3E0D2-6217-493A-A690-158C497F5318}.Debug|Any CPU.ActiveCfg = Debug|Any CPU
		{15B3E0D2-6217-493A-A690-158C497F5318}.Release|Any CPU.ActiveCfg = Release|Any CPU
		{15B3E0D2-6217-493A-A690-158C497F5318}.Release|Any CPU.Build.0 = Release|Any CPU
		{3BDA1E47-7E4E-4287-B305-CC61820D29CD}.Debug|Any CPU.ActiveCfg = Debug|Any CPU
		{3BDA1E47-7E4E-4287-B305-CC61820D29CD}.Release|Any CPU.ActiveCfg = Release|Any CPU
		{3BDA1E47-7E4E-4287-B305-CC61820D29CD}.Release|Any CPU.Build.0 = Release|Any CPU
		{ADD8C201-AB8C-4218-8C08-6E767C95178F}.Debug|Any CPU.ActiveCfg = Debug|Any CPU
		{ADD8C201-AB8C-4218-8C08-6E767C95178F}.Debug|Any CPU.Build.0 = Debug|Any CPU
		{ADD8C201-AB8C-4218-8C08-6E767C95178F}.Release|Any CPU.ActiveCfg = Release|Any CPU
		{ADD8C201-AB8C-4218-8C08-6E767C95178F}.Release|Any CPU.Build.0 = Release|Any CPU
		{AD2DCECA-1FDC-4463-93E9-75B931B690B5}.Debug|Any CPU.ActiveCfg = Debug|Any CPU
		{AD2DCECA-1FDC-4463-93E9-75B931B690B5}.Release|Any CPU.ActiveCfg = Release|Any CPU
		{AD2DCECA-1FDC-4463-93E9-75B931B690B5}.Release|Any CPU.Build.0 = Release|Any CPU
		{935340DC-AA87-4E05-BA82-6BE69D6FA973}.Debug|Any CPU.ActiveCfg = Debug|Any CPU
		{935340DC-AA87-4E05-BA82-6BE69D6FA973}.Debug|Any CPU.Build.0 = Debug|Any CPU
		{935340DC-AA87-4E05-BA82-6BE69D6FA973}.Release|Any CPU.ActiveCfg = Release|Any CPU
		{935340DC-AA87-4E05-BA82-6BE69D6FA973}.Release|Any CPU.Build.0 = Release|Any CPU
		{45B3FDC7-9DD6-4C04-8390-64C118CFB261}.Debug|Any CPU.ActiveCfg = Debug|Any CPU
		{45B3FDC7-9DD6-4C04-8390-64C118CFB261}.Debug|Any CPU.Build.0 = Debug|Any CPU
		{45B3FDC7-9DD6-4C04-8390-64C118CFB261}.Release|Any CPU.ActiveCfg = Release|Any CPU
		{45B3FDC7-9DD6-4C04-8390-64C118CFB261}.Release|Any CPU.Build.0 = Release|Any CPU
		{1D248537-7D33-4671-8FD0-CD485DED4D27}.Debug|Any CPU.ActiveCfg = Debug|Any CPU
		{1D248537-7D33-4671-8FD0-CD485DED4D27}.Debug|Any CPU.Build.0 = Debug|Any CPU
		{1D248537-7D33-4671-8FD0-CD485DED4D27}.Release|Any CPU.ActiveCfg = Release|Any CPU
		{1D248537-7D33-4671-8FD0-CD485DED4D27}.Release|Any CPU.Build.0 = Release|Any CPU
		{5B1609BB-D9FD-4FF2-A88D-73655B7872F2}.Debug|Any CPU.ActiveCfg = Debug|Any CPU
		{5B1609BB-D9FD-4FF2-A88D-73655B7872F2}.Debug|Any CPU.Build.0 = Debug|Any CPU
		{5B1609BB-D9FD-4FF2-A88D-73655B7872F2}.Release|Any CPU.ActiveCfg = Release|Any CPU
		{5B1609BB-D9FD-4FF2-A88D-73655B7872F2}.Release|Any CPU.Build.0 = Release|Any CPU
		{D464E13F-EE11-4DA1-ABC1-646C33F5D359}.Debug|Any CPU.ActiveCfg = Debug|Any CPU
		{D464E13F-EE11-4DA1-ABC1-646C33F5D359}.Debug|Any CPU.Build.0 = Debug|Any CPU
		{D464E13F-EE11-4DA1-ABC1-646C33F5D359}.Release|Any CPU.ActiveCfg = Release|Any CPU
		{D464E13F-EE11-4DA1-ABC1-646C33F5D359}.Release|Any CPU.Build.0 = Release|Any CPU
		{F3678F6B-1B3B-44CD-AE39-DF753F29EAF8}.Debug|Any CPU.ActiveCfg = Debug|Any CPU
		{F3678F6B-1B3B-44CD-AE39-DF753F29EAF8}.Debug|Any CPU.Build.0 = Debug|Any CPU
		{F3678F6B-1B3B-44CD-AE39-DF753F29EAF8}.Release|Any CPU.ActiveCfg = Release|Any CPU
		{F3678F6B-1B3B-44CD-AE39-DF753F29EAF8}.Release|Any CPU.Build.0 = Release|Any CPU
		{6498D860-9BD6-4741-8850-C0D075C22DB4}.Debug|Any CPU.ActiveCfg = Debug|Any CPU
		{6498D860-9BD6-4741-8850-C0D075C22DB4}.Debug|Any CPU.Build.0 = Debug|Any CPU
		{6498D860-9BD6-4741-8850-C0D075C22DB4}.Release|Any CPU.ActiveCfg = Release|Any CPU
		{6498D860-9BD6-4741-8850-C0D075C22DB4}.Release|Any CPU.Build.0 = Release|Any CPU
		{DDF2164F-9965-4005-94EF-E3472CE88197}.Debug|Any CPU.ActiveCfg = Debug|Any CPU
		{DDF2164F-9965-4005-94EF-E3472CE88197}.Debug|Any CPU.Build.0 = Debug|Any CPU
		{DDF2164F-9965-4005-94EF-E3472CE88197}.Release|Any CPU.ActiveCfg = Release|Any CPU
		{DDF2164F-9965-4005-94EF-E3472CE88197}.Release|Any CPU.Build.0 = Release|Any CPU
		{BF62B264-2BE9-4895-B4B0-945DA95243D0}.Debug|Any CPU.ActiveCfg = Debug|Any CPU
		{BF62B264-2BE9-4895-B4B0-945DA95243D0}.Debug|Any CPU.Build.0 = Debug|Any CPU
		{BF62B264-2BE9-4895-B4B0-945DA95243D0}.Release|Any CPU.ActiveCfg = Release|Any CPU
		{BF62B264-2BE9-4895-B4B0-945DA95243D0}.Release|Any CPU.Build.0 = Release|Any CPU
	EndGlobalSection
	GlobalSection(SolutionProperties) = preSolution
		HideSolutionNode = FALSE
	EndGlobalSection
	GlobalSection(NestedProjects) = preSolution
		{935340DC-AA87-4E05-BA82-6BE69D6FA973} = {7636498D-069A-437D-9427-AB5E3D0E8FA1}
		{45B3FDC7-9DD6-4C04-8390-64C118CFB261} = {7636498D-069A-437D-9427-AB5E3D0E8FA1}
		{1D248537-7D33-4671-8FD0-CD485DED4D27} = {8B0BF0F5-A1DA-4AEC-9252-9075D2698E9E}
		{5B1609BB-D9FD-4FF2-A88D-73655B7872F2} = {8B0BF0F5-A1DA-4AEC-9252-9075D2698E9E}
		{D464E13F-EE11-4DA1-ABC1-646C33F5D359} = {FDB47455-84A3-47AD-AB33-0592305661E1}
		{F3678F6B-1B3B-44CD-AE39-DF753F29EAF8} = {FDB47455-84A3-47AD-AB33-0592305661E1}
		{6498D860-9BD6-4741-8850-C0D075C22DB4} = {A00CF073-3900-415D-9D81-5D201BCEB037}
		{DDF2164F-9965-4005-94EF-E3472CE88197} = {A00CF073-3900-415D-9D81-5D201BCEB037}
		{BF62B264-2BE9-4895-B4B0-945DA95243D0} = {A00CF073-3900-415D-9D81-5D201BCEB037}
	EndGlobalSection
EndGlobal
